
Microsoft Visual Studio Solution File, Format Version 12.00
# Visual Studio Version 16
VisualStudioVersion = 16.0.31729.503
MinimumVisualStudioVersion = 10.0.40219.1
Project("{FAE04EC0-301F-11D3-BF4B-00C04F79EFBC}") = "CopyGroupPlagin", "CopyGroupPlagin\CopyGroupPlagin.csproj", "{2E458927-6F65-46EA-816D-1F0A75D05D0E}"
EndProject
Global
	GlobalSection(SolutionConfigurationPlatforms) = preSolution
		Debug|Any CPU = Debug|Any CPU
		Release|Any CPU = Release|Any CPU
	EndGlobalSection
	GlobalSection(ProjectConfigurationPlatforms) = postSolution
		{2E458927-6F65-46EA-816D-1F0A75D05D0E}.Debug|Any CPU.ActiveCfg = Debug|Any CPU
		{2E458927-6F65-46EA-816D-1F0A75D05D0E}.Debug|Any CPU.Build.0 = Debug|Any CPU
		{2E458927-6F65-46EA-816D-1F0A75D05D0E}.Release|Any CPU.ActiveCfg = Release|Any CPU
		{2E458927-6F65-46EA-816D-1F0A75D05D0E}.Release|Any CPU.Build.0 = Release|Any CPU
	EndGlobalSection
	GlobalSection(SolutionProperties) = preSolution
		HideSolutionNode = FALSE
	EndGlobalSection
	GlobalSection(ExtensibilityGlobals) = postSolution
		SolutionGuid = {F6E7F54B-9C5C-4B4B-9A4A-A405773CE454}
	EndGlobalSection
EndGlobal
